<?xml version="1.0" encoding="utf-8"?>
<Project ToolsVersion="4.0" xmlns="http://schemas.microsoft.com/developer/msbuild/2003">
  <ItemGroup>
    <Filter Include="소스 파일">
      <UniqueIdentifier>{4FC737F1-C7A5-4376-A066-2A32D752A2FF}</UniqueIdentifier>
      <Extensions>cpp;c;cc;cxx;def;odl;idl;hpj;bat;asm;asmx</Extensions>
    </Filter>
    <Filter Include="헤더 파일">
      <UniqueIdentifier>{93995380-89BD-4b04-88EB-625FBE52EBFB}</UniqueIdentifier>
      <Extensions>h;hh;hpp;hxx;hm;inl;inc;ipp;xsd</Extensions>
    </Filter>
    <Filter Include="리소스 파일">
      <UniqueIdentifier>{67DA6AB6-F800-4c08-8B7A-83BB121AAD01}</UniqueIdentifier>
      <Extensions>rc;ico;cur;bmp;dlg;rc2;rct;bin;rgs;gif;jpg;jpeg;jpe;resx;tiff;tif;png;wav;mfcribbon-ms</Extensions>
    </Filter>
  </ItemGroup>
  <ItemGroup>
    <ClCompile Include="20200210_p1.cpp">
      <Filter>리소스 파일</Filter>
    </ClCompile>
    <ClCompile Include="1224.cpp">
      <Filter>리소스 파일</Filter>
    </ClCompile>
    <ClCompile Include="20200210_p2.cpp">
      <Filter>리소스 파일</Filter>
    </ClCompile>
    <ClCompile Include="1247.cpp">
      <Filter>리소스 파일</Filter>
    </ClCompile>
    <ClCompile Include="20200210_p3.cpp">
      <Filter>리소스 파일</Filter>
    </ClCompile>
    <ClCompile Include="1865.cpp">
      <Filter>리소스 파일</Filter>
    </ClCompile>
    <ClCompile Include="20200211_p1.c">
      <Filter>리소스 파일</Filter>
    </ClCompile>
    <ClCompile Include="2806.cpp">
      <Filter>리소스 파일</Filter>
    </ClCompile>
    <ClCompile Include="2020021_p2.c">
      <Filter>리소스 파일</Filter>
    </ClCompile>
    <ClCompile Include="20200211_p3.cpp">
      <Filter>리소스 파일</Filter>
    </ClCompile>
    <ClCompile Include="7272.cpp">
      <Filter>리소스 파일</Filter>
    </ClCompile>
    <ClCompile Include="2805.cpp">
      <Filter>리소스 파일</Filter>
    </ClCompile>
    <ClCompile Include="4615.cpp">
      <Filter>리소스 파일</Filter>
    </ClCompile>
    <ClCompile Include="20200213_p1.c">
      <Filter>리소스 파일</Filter>
    </ClCompile>
    <ClCompile Include="20200213_p2.c">
      <Filter>리소스 파일</Filter>
    </ClCompile>
    <ClCompile Include="idk_9480.cpp">
      <Filter>리소스 파일</Filter>
    </ClCompile>
    <ClCompile Include="1240.cpp">
      <Filter>리소스 파일</Filter>
    </ClCompile>
    <ClCompile Include="1242.cpp">
      <Filter>리소스 파일</Filter>
    </ClCompile>
    <ClCompile Include="1242_first.cpp">
      <Filter>리소스 파일</Filter>
    </ClCompile>
    <ClCompile Include="1248.cpp">
      <Filter>리소스 파일</Filter>
    </ClCompile>
    <ClCompile Include="idk_1244.cpp">
      <Filter>리소스 파일</Filter>
    </ClCompile>
    <ClCompile Include="1249.cpp">
      <Filter>리소스 파일</Filter>
    </ClCompile>
    <ClCompile Include="1245.cpp">
      <Filter>리소스 파일</Filter>
    </ClCompile>
    <ClCompile Include="1244.cpp">
      <Filter>리소스 파일</Filter>
    </ClCompile>
    <ClCompile Include="1245_first.cpp">
      <Filter>리소스 파일</Filter>
    </ClCompile>
    <ClCompile Include="idk_1244_other.cpp">
      <Filter>리소스 파일</Filter>
    </ClCompile>
    <ClCompile Include="idk_1251.cpp">
      <Filter>리소스 파일</Filter>
    </ClCompile>
    <ClCompile Include="1221.cpp">
      <Filter>리소스 파일</Filter>
    </ClCompile>
    <ClCompile Include="1258.cpp">
      <Filter>리소스 파일</Filter>
    </ClCompile>
  </ItemGroup>
</Project>